
Microsoft Visual Studio Solution File, Format Version 12.00
# Visual Studio 14
VisualStudioVersion = 14.0.25420.1
MinimumVisualStudioVersion = 10.0.40219.1
Project("{FAE04EC0-301F-11D3-BF4B-00C04F79EFBC}") = "ejercicio11", "ejercicio11\ejercicio11.csproj", "{F2FF16B1-0849-41E1-8AC6-F1C9A47E1888}"
EndProject
Project("{FAE04EC0-301F-11D3-BF4B-00C04F79EFBC}") = "ejercicio11Test", "ejercicio11Test\ejercicio11Test.csproj", "{E0B252E8-E9BB-4C40-BD92-51A5623BA476}"
EndProject
Global
	GlobalSection(SolutionConfigurationPlatforms) = preSolution
		Debug|Any CPU = Debug|Any CPU
		Release|Any CPU = Release|Any CPU
	EndGlobalSection
	GlobalSection(ProjectConfigurationPlatforms) = postSolution
		{F2FF16B1-0849-41E1-8AC6-F1C9A47E1888}.Debug|Any CPU.ActiveCfg = Debug|Any CPU
		{F2FF16B1-0849-41E1-8AC6-F1C9A47E1888}.Debug|Any CPU.Build.0 = Debug|Any CPU
		{F2FF16B1-0849-41E1-8AC6-F1C9A47E1888}.Release|Any CPU.ActiveCfg = Release|Any CPU
		{F2FF16B1-0849-41E1-8AC6-F1C9A47E1888}.Release|Any CPU.Build.0 = Release|Any CPU
		{E0B252E8-E9BB-4C40-BD92-51A5623BA476}.Debug|Any CPU.ActiveCfg = Debug|Any CPU
		{E0B252E8-E9BB-4C40-BD92-51A5623BA476}.Debug|Any CPU.Build.0 = Debug|Any CPU
		{E0B252E8-E9BB-4C40-BD92-51A5623BA476}.Release|Any CPU.ActiveCfg = Release|Any CPU
		{E0B252E8-E9BB-4C40-BD92-51A5623BA476}.Release|Any CPU.Build.0 = Release|Any CPU
	EndGlobalSection
	GlobalSection(SolutionProperties) = preSolution
		HideSolutionNode = FALSE
	EndGlobalSection
EndGlobal
